{
  "name": "@slonik/migrator",
  "version": "0.0.1",
  "lockfileVersion": 1,
  "requires": true,
  "dependencies": {
    "@types/bluebird": {
      "version": "3.5.27",
      "resolved": "https://registry.npmjs.org/@types/bluebird/-/bluebird-3.5.27.tgz",
      "integrity": "sha512-6BmYWSBea18+tSjjSC3QIyV93ZKAeNWGM7R6aYt1ryTZXrlHF+QLV0G2yV0viEGVyRkyQsWfMoJ0k/YghBX5sQ==",
      "dev": true
    },
    "@types/bson": {
      "version": "4.0.0",
      "resolved": "https://registry.npmjs.org/@types/bson/-/bson-4.0.0.tgz",
      "integrity": "sha512-pq/rqJwJWkbS10crsG5bgnrisL8pML79KlMKQMoQwLUjlPAkrUHMvHJ3oGwE7WHR61Lv/nadMwXVAD2b+fpD8Q==",
      "dev": true,
      "requires": {
        "@types/node": "*"
      }
    },
    "@types/continuation-local-storage": {
      "version": "3.2.1",
      "resolved": "https://registry.npmjs.org/@types/continuation-local-storage/-/continuation-local-storage-3.2.1.tgz",
      "integrity": "sha1-oz4N+dzptCTRyY/E/evYV43O7H4=",
      "dev": true,
      "requires": {
        "@types/node": "*"
      }
    },
    "@types/lodash": {
      "version": "4.14.134",
      "resolved": "https://registry.npmjs.org/@types/lodash/-/lodash-4.14.134.tgz",
      "integrity": "sha512-2/O0khFUCFeDlbi7sZ7ZFRCcT812fAeOLm7Ev4KbwASkZ575TDrDcY7YyaoHdTOzKcNbfiwLYZqPmoC4wadrsw==",
      "dev": true
    },
    "@types/mongodb": {
      "version": "3.1.28",
      "resolved": "https://registry.npmjs.org/@types/mongodb/-/mongodb-3.1.28.tgz",
      "integrity": "sha512-tG+QqJ/hir2p0069ee28t2O9tlGRJKDq1WFZC2QYMlU47LGdldLL8tepfTq6aFLvP58OpwSoxaJ/qjW93ob1NQ==",
      "dev": true,
      "requires": {
        "@types/bson": "*",
        "@types/node": "*"
      }
    },
    "@types/node": {
      "version": "12.0.8",
      "resolved": "https://registry.npmjs.org/@types/node/-/node-12.0.8.tgz",
      "integrity": "sha512-b8bbUOTwzIY3V5vDTY1fIJ+ePKDUBqt2hC2woVGotdQQhG/2Sh62HOKHrT7ab+VerXAcPyAiTEipPu/FsreUtg==",
      "dev": true
    },
    "@types/sequelize": {
      "version": "4.28.3",
      "resolved": "https://registry.npmjs.org/@types/sequelize/-/sequelize-4.28.3.tgz",
      "integrity": "sha512-Z+gbWsLmGnqnAz91I8Wtfbe+4D1aUyQ4aawYfohpvar4Azr8aSNwzS1rFQYO2dk6zcClt5k9n0qCek/YAq4WNw==",
      "dev": true,
      "requires": {
        "@types/bluebird": "*",
        "@types/continuation-local-storage": "*",
        "@types/lodash": "*",
        "@types/validator": "*"
      }
    },
    "@types/umzug": {
      "version": "2.2.2",
      "resolved": "https://registry.npmjs.org/@types/umzug/-/umzug-2.2.2.tgz",
      "integrity": "sha512-1QN9IdwPsSftLniv2hguPSJQMnSQE8Eu+RzOOy5KlrLS75NLtAP7dGI11JkS0o2XoY1QdF0KTEGoGJ7zAawQuQ==",
      "dev": true,
      "requires": {
        "@types/mongodb": "*",
        "@types/sequelize": "*"
      }
    },
    "@types/validator": {
      "version": "10.11.1",
      "resolved": "https://registry.npmjs.org/@types/validator/-/validator-10.11.1.tgz",
      "integrity": "sha512-bVhLqvb+5xUNWRFnuuecRVISTvsG6AdhrB2kb/tChgtuTTqARqlQ3rLhOPy8cINZEUB8PkR+goyWF6fWxg4iSw==",
      "dev": true
    },
    "babel-runtime": {
      "version": "6.26.0",
      "resolved": "https://registry.npmjs.org/babel-runtime/-/babel-runtime-6.26.0.tgz",
      "integrity": "sha1-llxwWGaOgrVde/4E/yM3vItWR/4=",
      "requires": {
        "core-js": "^2.4.0",
        "regenerator-runtime": "^0.11.0"
      }
    },
    "bluebird": {
      "version": "3.5.5",
      "resolved": "https://registry.npmjs.org/bluebird/-/bluebird-3.5.5.tgz",
      "integrity": "sha512-5am6HnnfN+urzt4yfg7IgTbotDjIT/u8AJpEt0sIU9FtXfVeezXAPKswrG+xKUCOYAINpSdgZVDU6QFh+cuH3w=="
    },
    "core-js": {
      "version": "2.6.9",
      "resolved": "https://registry.npmjs.org/core-js/-/core-js-2.6.9.tgz",
      "integrity": "sha512-HOpZf6eXmnl7la+cUdMnLvUxKNqLUzJvgIziQ0DiF3JwSImNphIqdGqzj6hIKyX04MmV0poclQ7+wjWvxQyR2A=="
    },
    "lodash": {
      "version": "4.17.11",
      "resolved": "https://registry.npmjs.org/lodash/-/lodash-4.17.11.tgz",
      "integrity": "sha512-cQKh8igo5QUhZ7lg38DYWAxMvjSAKG0A8wGSVimP07SIUEK2UO+arSRKbRZWtelMtN5V0Hkwh5ryOto/SshYIg=="
    },
    "regenerator-runtime": {
      "version": "0.11.1",
      "resolved": "https://registry.npmjs.org/regenerator-runtime/-/regenerator-runtime-0.11.1.tgz",
      "integrity": "sha512-MguG95oij0fC3QV3URf4V2SDYGJhJnJGqvIIgdECeODCT98wSWDAJ94SSuVpYQUoTcGUIL6L4yNB7j1DFFHSBg=="
    },
    "umzug": {
      "version": "2.2.0",
      "resolved": "https://registry.npmjs.org/umzug/-/umzug-2.2.0.tgz",
      "integrity": "sha512-xZLW76ax70pND9bx3wqwb8zqkFGzZIK8dIHD9WdNy/CrNfjWcwQgQkGCuUqcuwEBvUm+g07z+qWvY+pxDmMEEw==",
      "requires": {
        "babel-runtime": "^6.23.0",
        "bluebird": "^3.5.3"
      }
    }
  }
}
